
Microsoft Visual Studio Solution File, Format Version 12.00
Project("{FAE04EC0-301F-11D3-BF4B-00C04F79EFBC}") = "ReactCompareOrchestrator", "ReactCompareOrchestrator\ReactCompareOrchestrator.csproj", "{8B61205A-970E-40D5-B338-A3A8BB6B30CC}"
EndProject
Global
	GlobalSection(SolutionConfigurationPlatforms) = preSolution
		Debug|Any CPU = Debug|Any CPU
		Release|Any CPU = Release|Any CPU
	EndGlobalSection
	GlobalSection(ProjectConfigurationPlatforms) = postSolution
		{8B61205A-970E-40D5-B338-A3A8BB6B30CC}.Debug|Any CPU.ActiveCfg = Debug|Any CPU
		{8B61205A-970E-40D5-B338-A3A8BB6B30CC}.Debug|Any CPU.Build.0 = Debug|Any CPU
		{8B61205A-970E-40D5-B338-A3A8BB6B30CC}.Release|Any CPU.ActiveCfg = Release|Any CPU
		{8B61205A-970E-40D5-B338-A3A8BB6B30CC}.Release|Any CPU.Build.0 = Release|Any CPU
	EndGlobalSection
EndGlobal
